
Microsoft Visual Studio Solution File, Format Version 12.00
# Visual Studio Version 17
VisualStudioVersion = 17.13.36105.23 d17.13
MinimumVisualStudioVersion = 10.0.40219.1
Project("{FAE04EC0-301F-11D3-BF4B-00C04F79EFBC}") = "freemarket", "freemarket\freemarket.csproj", "{5F1CC95E-531E-45F0-BBD9-E8CF476AADC9}"
EndProject
Project("{FAE04EC0-301F-11D3-BF4B-00C04F79EFBC}") = "Entidades.cs", "Entidades.cs\Entidades.cs.csproj", "{3BCA0A3E-69EE-40C3-8205-35044D93E5DF}"
EndProject
Global
	GlobalSection(SolutionConfigurationPlatforms) = preSolution
		Debug|Any CPU = Debug|Any CPU
		Release|Any CPU = Release|Any CPU
	EndGlobalSection
	GlobalSection(ProjectConfigurationPlatforms) = postSolution
		{5F1CC95E-531E-45F0-BBD9-E8CF476AADC9}.Debug|Any CPU.ActiveCfg = Debug|Any CPU
		{5F1CC95E-531E-45F0-BBD9-E8CF476AADC9}.Debug|Any CPU.Build.0 = Debug|Any CPU
		{5F1CC95E-531E-45F0-BBD9-E8CF476AADC9}.Release|Any CPU.ActiveCfg = Release|Any CPU
		{5F1CC95E-531E-45F0-BBD9-E8CF476AADC9}.Release|Any CPU.Build.0 = Release|Any CPU
		{3BCA0A3E-69EE-40C3-8205-35044D93E5DF}.Debug|Any CPU.ActiveCfg = Debug|Any CPU
		{3BCA0A3E-69EE-40C3-8205-35044D93E5DF}.Debug|Any CPU.Build.0 = Debug|Any CPU
		{3BCA0A3E-69EE-40C3-8205-35044D93E5DF}.Release|Any CPU.ActiveCfg = Release|Any CPU
		{3BCA0A3E-69EE-40C3-8205-35044D93E5DF}.Release|Any CPU.Build.0 = Release|Any CPU
	EndGlobalSection
	GlobalSection(SolutionProperties) = preSolution
		HideSolutionNode = FALSE
	EndGlobalSection
	GlobalSection(ExtensibilityGlobals) = postSolution
		SolutionGuid = {3E0F8822-90AB-445C-88B2-90E1602D1998}
	EndGlobalSection
EndGlobal
